
Microsoft Visual Studio Solution File, Format Version 12.00
# Visual Studio 14
VisualStudioVersion = 14.0.23107.0
MinimumVisualStudioVersion = 10.0.40219.1
Project("{FAE04EC0-301F-11D3-BF4B-00C04F79EFBC}") = "TestProject", "TestProject\TestProject.csproj", "{6855CD2C-202F-4722-A457-426B8D19B615}"
EndProject
Project("{FAE04EC0-301F-11D3-BF4B-00C04F79EFBC}") = "UnitTests", "UnitTests\UnitTests.csproj", "{77D9D3A6-7F22-4492-B42F-0DF2CB3769E1}"
EndProject
Global
	GlobalSection(SolutionConfigurationPlatforms) = preSolution
		Debug|Any CPU = Debug|Any CPU
		Release|Any CPU = Release|Any CPU
	EndGlobalSection
	GlobalSection(ProjectConfigurationPlatforms) = postSolution
		{6855CD2C-202F-4722-A457-426B8D19B615}.Debug|Any CPU.ActiveCfg = Debug|Any CPU
		{6855CD2C-202F-4722-A457-426B8D19B615}.Debug|Any CPU.Build.0 = Debug|Any CPU
		{6855CD2C-202F-4722-A457-426B8D19B615}.Release|Any CPU.ActiveCfg = Release|Any CPU
		{6855CD2C-202F-4722-A457-426B8D19B615}.Release|Any CPU.Build.0 = Release|Any CPU
		{77D9D3A6-7F22-4492-B42F-0DF2CB3769E1}.Debug|Any CPU.ActiveCfg = Debug|Any CPU
		{77D9D3A6-7F22-4492-B42F-0DF2CB3769E1}.Debug|Any CPU.Build.0 = Debug|Any CPU
		{77D9D3A6-7F22-4492-B42F-0DF2CB3769E1}.Release|Any CPU.ActiveCfg = Release|Any CPU
		{77D9D3A6-7F22-4492-B42F-0DF2CB3769E1}.Release|Any CPU.Build.0 = Release|Any CPU
	EndGlobalSection
	GlobalSection(SolutionProperties) = preSolution
		HideSolutionNode = FALSE
	EndGlobalSection
EndGlobal
